
Microsoft Visual Studio Solution File, Format Version 12.00
# Visual Studio Version 16
VisualStudioVersion = 16.0.31005.135
MinimumVisualStudioVersion = 10.0.40219.1
Project("{FAE04EC0-301F-11D3-BF4B-00C04F79EFBC}") = "Store", "Store\Store.csproj", "{46213C26-17AB-45E6-92E6-675C5AB13958}"
EndProject
Global
	GlobalSection(SolutionConfigurationPlatforms) = preSolution
		Debug|Any CPU = Debug|Any CPU
		Release|Any CPU = Release|Any CPU
	EndGlobalSection
	GlobalSection(ProjectConfigurationPlatforms) = postSolution
		{46213C26-17AB-45E6-92E6-675C5AB13958}.Debug|Any CPU.ActiveCfg = Debug|Any CPU
		{46213C26-17AB-45E6-92E6-675C5AB13958}.Debug|Any CPU.Build.0 = Debug|Any CPU
		{46213C26-17AB-45E6-92E6-675C5AB13958}.Release|Any CPU.ActiveCfg = Release|Any CPU
		{46213C26-17AB-45E6-92E6-675C5AB13958}.Release|Any CPU.Build.0 = Release|Any CPU
	EndGlobalSection
	GlobalSection(SolutionProperties) = preSolution
		HideSolutionNode = FALSE
	EndGlobalSection
	GlobalSection(ExtensibilityGlobals) = postSolution
		SolutionGuid = {A595DFE4-A073-4E94-99CC-60B2E45D5B5F}
	EndGlobalSection
EndGlobal
